
Microsoft Visual Studio Solution File, Format Version 12.00
# Visual Studio Version 17
VisualStudioVersion = 17.3.32811.315
MinimumVisualStudioVersion = 10.0.40219.1
Project("{FAE04EC0-301F-11D3-BF4B-00C04F79EFBC}") = "ExpendedoraG2-2024-1", "ExpendedoraG2-2024-1.csproj", "{DB701631-6780-40C6-BE86-BCA7CBF5AD30}"
EndProject
Global
	GlobalSection(SolutionConfigurationPlatforms) = preSolution
		Debug|Any CPU = Debug|Any CPU
		Release|Any CPU = Release|Any CPU
	EndGlobalSection
	GlobalSection(ProjectConfigurationPlatforms) = postSolution
		{DB701631-6780-40C6-BE86-BCA7CBF5AD30}.Debug|Any CPU.ActiveCfg = Debug|Any CPU
		{DB701631-6780-40C6-BE86-BCA7CBF5AD30}.Debug|Any CPU.Build.0 = Debug|Any CPU
		{DB701631-6780-40C6-BE86-BCA7CBF5AD30}.Release|Any CPU.ActiveCfg = Release|Any CPU
		{DB701631-6780-40C6-BE86-BCA7CBF5AD30}.Release|Any CPU.Build.0 = Release|Any CPU
	EndGlobalSection
	GlobalSection(SolutionProperties) = preSolution
		HideSolutionNode = FALSE
	EndGlobalSection
	GlobalSection(ExtensibilityGlobals) = postSolution
		SolutionGuid = {408DECCC-96EE-4C7C-9773-30FA6E283AF1}
	EndGlobalSection
EndGlobal
